// !$*UTF8*$!
{
	archiveVersion = 1;
	classes = {
	};
	objectVersion = 48;
	objects = {

/* Begin PBXBuildFile section */
		7686E16CF60BF8069CB174ED /* Pods_MapCellSamplerTests.framework in Frameworks */ = {isa = PBXBuildFile; fileRef = CF6613905E444A1A30D2AABF /* Pods_MapCellSamplerTests.framework */; };
		7AD5D3601FBC284A00F58F69 /* AppDelegate.swift in Sources */ = {isa = PBXBuildFile; fileRef = 7AD5D35F1FBC284A00F58F69 /* AppDelegate.swift */; };
		7AD5D3621FBC284A00F58F69 /* ViewController.swift in Sources */ = {isa = PBXBuildFile; fileRef = 7AD5D3611FBC284A00F58F69 /* ViewController.swift */; };
		7AD5D3651FBC284A00F58F69 /* Main.storyboard in Resources */ = {isa = PBXBuildFile; fileRef = 7AD5D3631FBC284A00F58F69 /* Main.storyboard */; };
		7AD5D3671FBC284A00F58F69 /* Assets.xcassets in Resources */ = {isa = PBXBuildFile; fileRef = 7AD5D3661FBC284A00F58F69 /* Assets.xcassets */; };
		7AD5D36A1FBC284A00F58F69 /* LaunchScreen.storyboard in Resources */ = {isa = PBXBuildFile; fileRef = 7AD5D3681FBC284A00F58F69 /* LaunchScreen.storyboard */; };
		7AD5D3751FBC284A00F58F69 /* MapCellSamplerTests.swift in Sources */ = {isa = PBXBuildFile; fileRef = 7AD5D3741FBC284A00F58F69 /* MapCellSamplerTests.swift */; };
		7AD5D3801FBC284A00F58F69 /* MapCellSamplerUITests.swift in Sources */ = {isa = PBXBuildFile; fileRef = 7AD5D37F1FBC284A00F58F69 /* MapCellSamplerUITests.swift */; };
		7AD5D38F1FBC28A700F58F69 /* MapTableViewCell.swift in Sources */ = {isa = PBXBuildFile; fileRef = 7AD5D38D1FBC28A700F58F69 /* MapTableViewCell.swift */; };
		7AD5D3901FBC28A700F58F69 /* MapTableViewCell.xib in Resources */ = {isa = PBXBuildFile; fileRef = 7AD5D38E1FBC28A700F58F69 /* MapTableViewCell.xib */; };
		7AD5D3921FBC2F0B00F58F69 /* SampleModel.swift in Sources */ = {isa = PBXBuildFile; fileRef = 7AD5D3911FBC2F0B00F58F69 /* SampleModel.swift */; };
		7AD5D39C1FBC3A8500F58F69 /* kanazawa01.jpg in Resources */ = {isa = PBXBuildFile; fileRef = 7AD5D3991FBC3A8400F58F69 /* kanazawa01.jpg */; };
		7AD5D39D1FBC3A8500F58F69 /* kanazawa02.jpg in Resources */ = {isa = PBXBuildFile; fileRef = 7AD5D39A1FBC3A8400F58F69 /* kanazawa02.jpg */; };
		7AD5D39E1FBC3A8500F58F69 /* kanazawa03.jpg in Resources */ = {isa = PBXBuildFile; fileRef = 7AD5D39B1FBC3A8400F58F69 /* kanazawa03.jpg */; };
		7AD5D3A31FBC48CB00F58F69 /* shibuya01.jpg in Resources */ = {isa = PBXBuildFile; fileRef = 7AD5D39F1FBC48CB00F58F69 /* shibuya01.jpg */; };
		7AD5D3A41FBC48CB00F58F69 /* shibuya03.png in Resources */ = {isa = PBXBuildFile; fileRef = 7AD5D3A01FBC48CB00F58F69 /* shibuya03.png */; };
		7AD5D3A51FBC48CB00F58F69 /* shibuya02.jpg in Resources */ = {isa = PBXBuildFile; fileRef = 7AD5D3A11FBC48CB00F58F69 /* shibuya02.jpg */; };
		7AD5D3A61FBC48CB00F58F69 /* shibuya04.jpg in Resources */ = {isa = PBXBuildFile; fileRef = 7AD5D3A21FBC48CB00F58F69 /* shibuya04.jpg */; };
		7AD5D3AA1FBC4AEF00F58F69 /* Route.swift in Sources */ = {isa = PBXBuildFile; fileRef = 7AD5D3A91FBC4AEF00F58F69 /* Route.swift */; };
		A946C03C0DD4EADFCA418431 /* Pods_MapCellSampler.framework in Frameworks */ = {isa = PBXBuildFile; fileRef = 670304741CC9A4E2AECF740C /* Pods_MapCellSampler.framework */; };
		C678699E09995B98DA40F6D8 /* Pods_MapCellSamplerUITests.framework in Frameworks */ = {isa = PBXBuildFile; fileRef = 701D88F10ECBA1328D05F4CB /* Pods_MapCellSamplerUITests.framework */; };
/* End PBXBuildFile section */

/* Begin PBXContainerItemProxy section */
		7AD5D3711FBC284A00F58F69 /* PBXContainerItemProxy */ = {
			isa = PBXContainerItemProxy;
			containerPortal = 7AD5D3541FBC284A00F58F69 /* Project object */;
			proxyType = 1;
			remoteGlobalIDString = 7AD5D35B1FBC284A00F58F69;
			remoteInfo = MapCellSampler;
		};
		7AD5D37C1FBC284A00F58F69 /* PBXContainerItemProxy */ = {
			isa = PBXContainerItemProxy;
			containerPortal = 7AD5D3541FBC284A00F58F69 /* Project object */;
			proxyType = 1;
			remoteGlobalIDString = 7AD5D35B1FBC284A00F58F69;
			remoteInfo = MapCellSampler;
		};
/* End PBXContainerItemProxy section */

/* Begin PBXFileReference section */
		03BAAEAB9D6FD36014232157 /* Pods-MapCellSamplerUITests.debug.xcconfig */ = {isa = PBXFileReference; includeInIndex = 1; lastKnownFileType = text.xcconfig; name = "Pods-MapCellSamplerUITests.debug.xcconfig"; path = "Pods/Target Support Files/Pods-MapCellSamplerUITests/Pods-MapCellSamplerUITests.debug.xcconfig"; sourceTree = "<group>"; };
		670304741CC9A4E2AECF740C /* Pods_MapCellSampler.framework */ = {isa = PBXFileReference; explicitFileType = wrapper.framework; includeInIndex = 0; path = Pods_MapCellSampler.framework; sourceTree = BUILT_PRODUCTS_DIR; };
		67B41D80632FDE750B2316CE /* Pods-MapCellSampler.release.xcconfig */ = {isa = PBXFileReference; includeInIndex = 1; lastKnownFileType = text.xcconfig; name = "Pods-MapCellSampler.release.xcconfig"; path = "Pods/Target Support Files/Pods-MapCellSampler/Pods-MapCellSampler.release.xcconfig"; sourceTree = "<group>"; };
		701D88F10ECBA1328D05F4CB /* Pods_MapCellSamplerUITests.framework */ = {isa = PBXFileReference; explicitFileType = wrapper.framework; includeInIndex = 0; path = Pods_MapCellSamplerUITests.framework; sourceTree = BUILT_PRODUCTS_DIR; };
		7AD5D35C1FBC284A00F58F69 /* MapCellSampler.app */ = {isa = PBXFileReference; explicitFileType = wrapper.application; includeInIndex = 0; path = MapCellSampler.app; sourceTree = BUILT_PRODUCTS_DIR; };
		7AD5D35F1FBC284A00F58F69 /* AppDelegate.swift */ = {isa = PBXFileReference; lastKnownFileType = sourcecode.swift; path = AppDelegate.swift; sourceTree = "<group>"; };
		7AD5D3611FBC284A00F58F69 /* ViewController.swift */ = {isa = PBXFileReference; lastKnownFileType = sourcecode.swift; path = ViewController.swift; sourceTree = "<group>"; };
		7AD5D3641FBC284A00F58F69 /* Base */ = {isa = PBXFileReference; lastKnownFileType = file.storyboard; name = Base; path = Base.lproj/Main.storyboard; sourceTree = "<group>"; };
		7AD5D3661FBC284A00F58F69 /* Assets.xcassets */ = {isa = PBXFileReference; lastKnownFileType = folder.assetcatalog; path = Assets.xcassets; sourceTree = "<group>"; };
		7AD5D3691FBC284A00F58F69 /* Base */ = {isa = PBXFileReference; lastKnownFileType = file.storyboard; name = Base; path = Base.lproj/LaunchScreen.storyboard; sourceTree = "<group>"; };
		7AD5D36B1FBC284A00F58F69 /* Info.plist */ = {isa = PBXFileReference; lastKnownFileType = text.plist.xml; path = Info.plist; sourceTree = "<group>"; };
		7AD5D3701FBC284A00F58F69 /* MapCellSamplerTests.xctest */ = {isa = PBXFileReference; explicitFileType = wrapper.cfbundle; includeInIndex = 0; path = MapCellSamplerTests.xctest; sourceTree = BUILT_PRODUCTS_DIR; };
		7AD5D3741FBC284A00F58F69 /* MapCellSamplerTests.swift */ = {isa = PBXFileReference; lastKnownFileType = sourcecode.swift; path = MapCellSamplerTests.swift; sourceTree = "<group>"; };
		7AD5D3761FBC284A00F58F69 /* Info.plist */ = {isa = PBXFileReference; lastKnownFileType = text.plist.xml; path = Info.plist; sourceTree = "<group>"; };
		7AD5D37B1FBC284A00F58F69 /* MapCellSamplerUITests.xctest */ = {isa = PBXFileReference; explicitFileType = wrapper.cfbundle; includeInIndex = 0; path = MapCellSamplerUITests.xctest; sourceTree = BUILT_PRODUCTS_DIR; };
		7AD5D37F1FBC284A00F58F69 /* MapCellSamplerUITests.swift */ = {isa = PBXFileReference; lastKnownFileType = sourcecode.swift; path = MapCellSamplerUITests.swift; sourceTree = "<group>"; };
		7AD5D3811FBC284A00F58F69 /* Info.plist */ = {isa = PBXFileReference; lastKnownFileType = text.plist.xml; path = Info.plist; sourceTree = "<group>"; };
		7AD5D38D1FBC28A700F58F69 /* MapTableViewCell.swift */ = {isa = PBXFileReference; lastKnownFileType = sourcecode.swift; path = MapTableViewCell.swift; sourceTree = "<group>"; };
		7AD5D38E1FBC28A700F58F69 /* MapTableViewCell.xib */ = {isa = PBXFileReference; lastKnownFileType = file.xib; path = MapTableViewCell.xib; sourceTree = "<group>"; };
		7AD5D3911FBC2F0B00F58F69 /* SampleModel.swift */ = {isa = PBXFileReference; lastKnownFileType = sourcecode.swift; path = SampleModel.swift; sourceTree = "<group>"; };
		7AD5D3991FBC3A8400F58F69 /* kanazawa01.jpg */ = {isa = PBXFileReference; lastKnownFileType = image.jpeg; path = kanazawa01.jpg; sourceTree = "<group>"; };
		7AD5D39A1FBC3A8400F58F69 /* kanazawa02.jpg */ = {isa = PBXFileReference; lastKnownFileType = image.jpeg; path = kanazawa02.jpg; sourceTree = "<group>"; };
		7AD5D39B1FBC3A8400F58F69 /* kanazawa03.jpg */ = {isa = PBXFileReference; lastKnownFileType = image.jpeg; path = kanazawa03.jpg; sourceTree = "<group>"; };
		7AD5D39F1FBC48CB00F58F69 /* shibuya01.jpg */ = {isa = PBXFileReference; lastKnownFileType = image.jpeg; path = shibuya01.jpg; sourceTree = "<group>"; };
		7AD5D3A01FBC48CB00F58F69 /* shibuya03.png */ = {isa = PBXFileReference; lastKnownFileType = image.png; path = shibuya03.png; sourceTree = "<group>"; };
		7AD5D3A11FBC48CB00F58F69 /* shibuya02.jpg */ = {isa = PBXFileReference; lastKnownFileType = image.jpeg; path = shibuya02.jpg; sourceTree = "<group>"; };
		7AD5D3A21FBC48CB00F58F69 /* shibuya04.jpg */ = {isa = PBXFileReference; lastKnownFileType = image.jpeg; path = shibuya04.jpg; sourceTree = "<group>"; };
		7AD5D3A91FBC4AEF00F58F69 /* Route.swift */ = {isa = PBXFileReference; lastKnownFileType = sourcecode.swift; path = Route.swift; sourceTree = "<group>"; };
		8C58C71D1F21511ECC489261 /* Pods-MapCellSamplerTests.debug.xcconfig */ = {isa = PBXFileReference; includeInIndex = 1; lastKnownFileType = text.xcconfig; name = "Pods-MapCellSamplerTests.debug.xcconfig"; path = "Pods/Target Support Files/Pods-MapCellSamplerTests/Pods-MapCellSamplerTests.debug.xcconfig"; sourceTree = "<group>"; };
		9E4949CBBBADD442A1A62FF1 /* Pods-MapCellSamplerTests.release.xcconfig */ = {isa = PBXFileReference; includeInIndex = 1; lastKnownFileType = text.xcconfig; name = "Pods-MapCellSamplerTests.release.xcconfig"; path = "Pods/Target Support Files/Pods-MapCellSamplerTests/Pods-MapCellSamplerTests.release.xcconfig"; sourceTree = "<group>"; };
		B25E5164800479E6F9C97C54 /* Pods-MapCellSampler.debug.xcconfig */ = {isa = PBXFileReference; includeInIndex = 1; lastKnownFileType = text.xcconfig; name = "Pods-MapCellSampler.debug.xcconfig"; path = "Pods/Target Support Files/Pods-MapCellSampler/Pods-MapCellSampler.debug.xcconfig"; sourceTree = "<group>"; };
		CF6613905E444A1A30D2AABF /* Pods_MapCellSamplerTests.framework */ = {isa = PBXFileReference; explicitFileType = wrapper.framework; includeInIndex = 0; path = Pods_MapCellSamplerTests.framework; sourceTree = BUILT_PRODUCTS_DIR; };
		DC6EAEAA2AAC9178EB75BA28 /* Pods-MapCellSamplerUITests.release.xcconfig */ = {isa = PBXFileReference; includeInIndex = 1; lastKnownFileType = text.xcconfig; name = "Pods-MapCellSamplerUITests.release.xcconfig"; path = "Pods/Target Support Files/Pods-MapCellSamplerUITests/Pods-MapCellSamplerUITests.release.xcconfig"; sourceTree = "<group>"; };
/* End PBXFileReference section */

/* Begin PBXFrameworksBuildPhase section */
		7AD5D3591FBC284A00F58F69 /* Frameworks */ = {
			isa = PBXFrameworksBuildPhase;
			buildActionMask = 2147483647;
			files = (
				A946C03C0DD4EADFCA418431 /* Pods_MapCellSampler.framework in Frameworks */,
			);
			runOnlyForDeploymentPostprocessing = 0;
		};
		7AD5D36D1FBC284A00F58F69 /* Frameworks */ = {
			isa = PBXFrameworksBuildPhase;
			buildActionMask = 2147483647;
			files = (
				7686E16CF60BF8069CB174ED /* Pods_MapCellSamplerTests.framework in Frameworks */,
			);
			runOnlyForDeploymentPostprocessing = 0;
		};
		7AD5D3781FBC284A00F58F69 /* Frameworks */ = {
			isa = PBXFrameworksBuildPhase;
			buildActionMask = 2147483647;
			files = (
				C678699E09995B98DA40F6D8 /* Pods_MapCellSamplerUITests.framework in Frameworks */,
			);
			runOnlyForDeploymentPostprocessing = 0;
		};
/* End PBXFrameworksBuildPhase section */

/* Begin PBXGroup section */
		7361179AC694AE29980DB14D /* Frameworks */ = {
			isa = PBXGroup;
			children = (
				670304741CC9A4E2AECF740C /* Pods_MapCellSampler.framework */,
				CF6613905E444A1A30D2AABF /* Pods_MapCellSamplerTests.framework */,
				701D88F10ECBA1328D05F4CB /* Pods_MapCellSamplerUITests.framework */,
			);
			name = Frameworks;
			sourceTree = "<group>";
		};
		7AD5D3531FBC284A00F58F69 = {
			isa = PBXGroup;
			children = (
				7AD5D35E1FBC284A00F58F69 /* MapCellSampler */,
				7AD5D3731FBC284A00F58F69 /* MapCellSamplerTests */,
				7AD5D37E1FBC284A00F58F69 /* MapCellSamplerUITests */,
				7AD5D35D1FBC284A00F58F69 /* Products */,
				C808E995EC0C592EE83F990E /* Pods */,
				7361179AC694AE29980DB14D /* Frameworks */,
			);
			sourceTree = "<group>";
		};
		7AD5D35D1FBC284A00F58F69 /* Products */ = {
			isa = PBXGroup;
			children = (
				7AD5D35C1FBC284A00F58F69 /* MapCellSampler.app */,
				7AD5D3701FBC284A00F58F69 /* MapCellSamplerTests.xctest */,
				7AD5D37B1FBC284A00F58F69 /* MapCellSamplerUITests.xctest */,
			);
			name = Products;
			sourceTree = "<group>";
		};
		7AD5D35E1FBC284A00F58F69 /* MapCellSampler */ = {
			isa = PBXGroup;
			children = (
				7AD5D3981FBC3A6C00F58F69 /* Images */,
				7AD5D3911FBC2F0B00F58F69 /* SampleModel.swift */,
				7AD5D3A91FBC4AEF00F58F69 /* Route.swift */,
				7AD5D35F1FBC284A00F58F69 /* AppDelegate.swift */,
				7AD5D3611FBC284A00F58F69 /* ViewController.swift */,
				7AD5D3631FBC284A00F58F69 /* Main.storyboard */,
				7AD5D38D1FBC28A700F58F69 /* MapTableViewCell.swift */,
				7AD5D38E1FBC28A700F58F69 /* MapTableViewCell.xib */,
				7AD5D3661FBC284A00F58F69 /* Assets.xcassets */,
				7AD5D3681FBC284A00F58F69 /* LaunchScreen.storyboard */,
				7AD5D36B1FBC284A00F58F69 /* Info.plist */,
			);
			path = MapCellSampler;
			sourceTree = "<group>";
		};
		7AD5D3731FBC284A00F58F69 /* MapCellSamplerTests */ = {
			isa = PBXGroup;
			children = (
				7AD5D3741FBC284A00F58F69 /* MapCellSamplerTests.swift */,
				7AD5D3761FBC284A00F58F69 /* Info.plist */,
			);
			path = MapCellSamplerTests;
			sourceTree = "<group>";
		};
		7AD5D37E1FBC284A00F58F69 /* MapCellSamplerUITests */ = {
			isa = PBXGroup;
			children = (
				7AD5D37F1FBC284A00F58F69 /* MapCellSamplerUITests.swift */,
				7AD5D3811FBC284A00F58F69 /* Info.plist */,
			);
			path = MapCellSamplerUITests;
			sourceTree = "<group>";
		};
		7AD5D3981FBC3A6C00F58F69 /* Images */ = {
			isa = PBXGroup;
			children = (
				7AD5D3A81FBC48D400F58F69 /* Kanazawa */,
				7AD5D3A71FBC48D000F58F69 /* Shibuya */,
			);
			path = Images;
			sourceTree = "<group>";
		};
		7AD5D3A71FBC48D000F58F69 /* Shibuya */ = {
			isa = PBXGroup;
			children = (
				7AD5D39F1FBC48CB00F58F69 /* shibuya01.jpg */,
				7AD5D3A11FBC48CB00F58F69 /* shibuya02.jpg */,
				7AD5D3A01FBC48CB00F58F69 /* shibuya03.png */,
				7AD5D3A21FBC48CB00F58F69 /* shibuya04.jpg */,
			);
			path = Shibuya;
			sourceTree = "<group>";
		};
		7AD5D3A81FBC48D400F58F69 /* Kanazawa */ = {
			isa = PBXGroup;
			children = (
				7AD5D3991FBC3A8400F58F69 /* kanazawa01.jpg */,
				7AD5D39A1FBC3A8400F58F69 /* kanazawa02.jpg */,
				7AD5D39B1FBC3A8400F58F69 /* kanazawa03.jpg */,
			);
			path = Kanazawa;
			sourceTree = "<group>";
		};
		C808E995EC0C592EE83F990E /* Pods */ = {
			isa = PBXGroup;
			children = (
				B25E5164800479E6F9C97C54 /* Pods-MapCellSampler.debug.xcconfig */,
				67B41D80632FDE750B2316CE /* Pods-MapCellSampler.release.xcconfig */,
				8C58C71D1F21511ECC489261 /* Pods-MapCellSamplerTests.debug.xcconfig */,
				9E4949CBBBADD442A1A62FF1 /* Pods-MapCellSamplerTests.release.xcconfig */,
				03BAAEAB9D6FD36014232157 /* Pods-MapCellSamplerUITests.debug.xcconfig */,
				DC6EAEAA2AAC9178EB75BA28 /* Pods-MapCellSamplerUITests.release.xcconfig */,
			);
			name = Pods;
			sourceTree = "<group>";
		};
/* End PBXGroup section */

/* Begin PBXNativeTarget section */
		7AD5D35B1FBC284A00F58F69 /* MapCellSampler */ = {
			isa = PBXNativeTarget;
			buildConfigurationList = 7AD5D3841FBC284A00F58F69 /* Build configuration list for PBXNativeTarget "MapCellSampler" */;
			buildPhases = (
				62740207498D53F07763D36C /* [CP] Check Pods Manifest.lock */,
				7AD5D3581FBC284A00F58F69 /* Sources */,
				7AD5D3591FBC284A00F58F69 /* Frameworks */,
				7AD5D35A1FBC284A00F58F69 /* Resources */,
				DFBF1D25E2F0A90B9395962D /* [CP] Embed Pods Frameworks */,
				4BB23030B60FA9C2E3D1E306 /* [CP] Copy Pods Resources */,
			);
			buildRules = (
			);
			dependencies = (
			);
			name = MapCellSampler;
			productName = MapCellSampler;
			productReference = 7AD5D35C1FBC284A00F58F69 /* MapCellSampler.app */;
			productType = "com.apple.product-type.application";
		};
		7AD5D36F1FBC284A00F58F69 /* MapCellSamplerTests */ = {
			isa = PBXNativeTarget;
			buildConfigurationList = 7AD5D3871FBC284A00F58F69 /* Build configuration list for PBXNativeTarget "MapCellSamplerTests" */;
			buildPhases = (
				6B5DCD9103B07036DEA0D405 /* [CP] Check Pods Manifest.lock */,
				7AD5D36C1FBC284A00F58F69 /* Sources */,
				7AD5D36D1FBC284A00F58F69 /* Frameworks */,
				7AD5D36E1FBC284A00F58F69 /* Resources */,
				1A4D47E78F4DAE5FB765138D /* [CP] Embed Pods Frameworks */,
				7D99EB60667B15EFBB8251DE /* [CP] Copy Pods Resources */,
			);
			buildRules = (
			);
			dependencies = (
				7AD5D3721FBC284A00F58F69 /* PBXTargetDependency */,
			);
			name = MapCellSamplerTests;
			productName = MapCellSamplerTests;
			productReference = 7AD5D3701FBC284A00F58F69 /* MapCellSamplerTests.xctest */;
			productType = "com.apple.product-type.bundle.unit-test";
		};
		7AD5D37A1FBC284A00F58F69 /* MapCellSamplerUITests */ = {
			isa = PBXNativeTarget;
			buildConfigurationList = 7AD5D38A1FBC284A00F58F69 /* Build configuration list for PBXNativeTarget "MapCellSamplerUITests" */;
			buildPhases = (
				60D900904295B17A24B688C4 /* [CP] Check Pods Manifest.lock */,
				7AD5D3771FBC284A00F58F69 /* Sources */,
				7AD5D3781FBC284A00F58F69 /* Frameworks */,
				7AD5D3791FBC284A00F58F69 /* Resources */,
				29592391E2D50AC484107844 /* [CP] Embed Pods Frameworks */,
				480F1A723E217B46996D6A99 /* [CP] Copy Pods Resources */,
			);
			buildRules = (
			);
			dependencies = (
				7AD5D37D1FBC284A00F58F69 /* PBXTargetDependency */,
			);
			name = MapCellSamplerUITests;
			productName = MapCellSamplerUITests;
			productReference = 7AD5D37B1FBC284A00F58F69 /* MapCellSamplerUITests.xctest */;
			productType = "com.apple.product-type.bundle.ui-testing";
		};
/* End PBXNativeTarget section */

/* Begin PBXProject section */
		7AD5D3541FBC284A00F58F69 /* Project object */ = {
			isa = PBXProject;
			attributes = {
				LastSwiftUpdateCheck = 0910;
				LastUpgradeCheck = 0910;
				ORGANIZATIONNAME = "Ylab, Inc.";
				TargetAttributes = {
					7AD5D35B1FBC284A00F58F69 = {
						CreatedOnToolsVersion = 9.1;
						ProvisioningStyle = Automatic;
					};
					7AD5D36F1FBC284A00F58F69 = {
						CreatedOnToolsVersion = 9.1;
						ProvisioningStyle = Automatic;
						TestTargetID = 7AD5D35B1FBC284A00F58F69;
					};
					7AD5D37A1FBC284A00F58F69 = {
						CreatedOnToolsVersion = 9.1;
						ProvisioningStyle = Automatic;
						TestTargetID = 7AD5D35B1FBC284A00F58F69;
					};
				};
			};
			buildConfigurationList = 7AD5D3571FBC284A00F58F69 /* Build configuration list for PBXProject "MapCellSampler" */;
			compatibilityVersion = "Xcode 8.0";
			developmentRegion = en;
			hasScannedForEncodings = 0;
			knownRegions = (
				en,
				Base,
			);
			mainGroup = 7AD5D3531FBC284A00F58F69;
			productRefGroup = 7AD5D35D1FBC284A00F58F69 /* Products */;
			projectDirPath = "";
			projectRoot = "";
			targets = (
				7AD5D35B1FBC284A00F58F69 /* MapCellSampler */,
				7AD5D36F1FBC284A00F58F69 /* MapCellSamplerTests */,
				7AD5D37A1FBC284A00F58F69 /* MapCellSamplerUITests */,
			);
		};
/* End PBXProject section */

/* Begin PBXResourcesBuildPhase section */
		7AD5D35A1FBC284A00F58F69 /* Resources */ = {
			isa = PBXResourcesBuildPhase;
			buildActionMask = 2147483647;
			files = (
				7AD5D39E1FBC3A8500F58F69 /* kanazawa03.jpg in Resources */,
				7AD5D39C1FBC3A8500F58F69 /* kanazawa01.jpg in Resources */,
				7AD5D3A61FBC48CB00F58F69 /* shibuya04.jpg in Resources */,
				7AD5D3A31FBC48CB00F58F69 /* shibuya01.jpg in Resources */,
				7AD5D36A1FBC284A00F58F69 /* LaunchScreen.storyboard in Resources */,
				7AD5D3671FBC284A00F58F69 /* Assets.xcassets in Resources */,
				7AD5D3A51FBC48CB00F58F69 /* shibuya02.jpg in Resources */,
				7AD5D3A41FBC48CB00F58F69 /* shibuya03.png in Resources */,
				7AD5D39D1FBC3A8500F58F69 /* kanazawa02.jpg in Resources */,
				7AD5D3901FBC28A700F58F69 /* MapTableViewCell.xib in Resources */,
				7AD5D3651FBC284A00F58F69 /* Main.storyboard in Resources */,
			);
			runOnlyForDeploymentPostprocessing = 0;
		};
		7AD5D36E1FBC284A00F58F69 /* Resources */ = {
			isa = PBXResourcesBuildPhase;
			buildActionMask = 2147483647;
			files = (
			);
			runOnlyForDeploymentPostprocessing = 0;
		};
		7AD5D3791FBC284A00F58F69 /* Resources */ = {
			isa = PBXResourcesBuildPhase;
			buildActionMask = 2147483647;
			files = (
			);
			runOnlyForDeploymentPostprocessing = 0;
		};
/* End PBXResourcesBuildPhase section */

/* Begin PBXShellScriptBuildPhase section */
		1A4D47E78F4DAE5FB765138D /* [CP] Embed Pods Frameworks */ = {
			isa = PBXShellScriptBuildPhase;
			buildActionMask = 2147483647;
			files = (
			);
			inputPaths = (
			);
			name = "[CP] Embed Pods Frameworks";
			outputPaths = (
			);
			runOnlyForDeploymentPostprocessing = 0;
			shellPath = /bin/sh;
			shellScript = "\"${SRCROOT}/Pods/Target Support Files/Pods-MapCellSamplerTests/Pods-MapCellSamplerTests-frameworks.sh\"\n";
			showEnvVarsInLog = 0;
		};
		29592391E2D50AC484107844 /* [CP] Embed Pods Frameworks */ = {
			isa = PBXShellScriptBuildPhase;
			buildActionMask = 2147483647;
			files = (
			);
			inputPaths = (
			);
			name = "[CP] Embed Pods Frameworks";
			outputPaths = (
			);
			runOnlyForDeploymentPostprocessing = 0;
			shellPath = /bin/sh;
			shellScript = "\"${SRCROOT}/Pods/Target Support Files/Pods-MapCellSamplerUITests/Pods-MapCellSamplerUITests-frameworks.sh\"\n";
			showEnvVarsInLog = 0;
		};
		480F1A723E217B46996D6A99 /* [CP] Copy Pods Resources */ = {
			isa = PBXShellScriptBuildPhase;
			buildActionMask = 2147483647;
			files = (
			);
			inputPaths = (
			);
			name = "[CP] Copy Pods Resources";
			outputPaths = (
			);
			runOnlyForDeploymentPostprocessing = 0;
			shellPath = /bin/sh;
			shellScript = "\"${SRCROOT}/Pods/Target Support Files/Pods-MapCellSamplerUITests/Pods-MapCellSamplerUITests-resources.sh\"\n";
			showEnvVarsInLog = 0;
		};
		4BB23030B60FA9C2E3D1E306 /* [CP] Copy Pods Resources */ = {
			isa = PBXShellScriptBuildPhase;
			buildActionMask = 2147483647;
			files = (
			);
			inputPaths = (
				"${SRCROOT}/Pods/Target Support Files/Pods-MapCellSampler/Pods-MapCellSampler-resources.sh",
				"${PODS_ROOT}/GoogleMaps/Maps/Frameworks/GoogleMaps.framework/Resources/GoogleMaps.bundle",
			);
			name = "[CP] Copy Pods Resources";
			outputPaths = (
				"${TARGET_BUILD_DIR}/${UNLOCALIZED_RESOURCES_FOLDER_PATH}",
			);
			runOnlyForDeploymentPostprocessing = 0;
			shellPath = /bin/sh;
			shellScript = "\"${SRCROOT}/Pods/Target Support Files/Pods-MapCellSampler/Pods-MapCellSampler-resources.sh\"\n";
			showEnvVarsInLog = 0;
		};
		60D900904295B17A24B688C4 /* [CP] Check Pods Manifest.lock */ = {
			isa = PBXShellScriptBuildPhase;
			buildActionMask = 2147483647;
			files = (
			);
			inputPaths = (
				"${PODS_PODFILE_DIR_PATH}/Podfile.lock",
				"${PODS_ROOT}/Manifest.lock",
			);
			name = "[CP] Check Pods Manifest.lock";
			outputPaths = (
				"$(DERIVED_FILE_DIR)/Pods-MapCellSamplerUITests-checkManifestLockResult.txt",
			);
			runOnlyForDeploymentPostprocessing = 0;
			shellPath = /bin/sh;
			shellScript = "diff \"${PODS_PODFILE_DIR_PATH}/Podfile.lock\" \"${PODS_ROOT}/Manifest.lock\" > /dev/null\nif [ $? != 0 ] ; then\n    # print error to STDERR\n    echo \"error: The sandbox is not in sync with the Podfile.lock. Run 'pod install' or update your CocoaPods installation.\" >&2\n    exit 1\nfi\n# This output is used by Xcode 'outputs' to avoid re-running this script phase.\necho \"SUCCESS\" > \"${SCRIPT_OUTPUT_FILE_0}\"\n";
			showEnvVarsInLog = 0;
		};
		62740207498D53F07763D36C /* [CP] Check Pods Manifest.lock */ = {
			isa = PBXShellScriptBuildPhase;
			buildActionMask = 2147483647;
			files = (
			);
			inputPaths = (
				"${PODS_PODFILE_DIR_PATH}/Podfile.lock",
				"${PODS_ROOT}/Manifest.lock",
			);
			name = "[CP] Check Pods Manifest.lock";
			outputPaths = (
				"$(DERIVED_FILE_DIR)/Pods-MapCellSampler-checkManifestLockResult.txt",
			);
			runOnlyForDeploymentPostprocessing = 0;
			shellPath = /bin/sh;
			shellScript = "diff \"${PODS_PODFILE_DIR_PATH}/Podfile.lock\" \"${PODS_ROOT}/Manifest.lock\" > /dev/null\nif [ $? != 0 ] ; then\n    # print error to STDERR\n    echo \"error: The sandbox is not in sync with the Podfile.lock. Run 'pod install' or update your CocoaPods installation.\" >&2\n    exit 1\nfi\n# This output is used by Xcode 'outputs' to avoid re-running this script phase.\necho \"SUCCESS\" > \"${SCRIPT_OUTPUT_FILE_0}\"\n";
			showEnvVarsInLog = 0;
		};
		6B5DCD9103B07036DEA0D405 /* [CP] Check Pods Manifest.lock */ = {
			isa = PBXShellScriptBuildPhase;
			buildActionMask = 2147483647;
			files = (
			);
			inputPaths = (
				"${PODS_PODFILE_DIR_PATH}/Podfile.lock",
				"${PODS_ROOT}/Manifest.lock",
			);
			name = "[CP] Check Pods Manifest.lock";
			outputPaths = (
				"$(DERIVED_FILE_DIR)/Pods-MapCellSamplerTests-checkManifestLockResult.txt",
			);
			runOnlyForDeploymentPostprocessing = 0;
			shellPath = /bin/sh;
			shellScript = "diff \"${PODS_PODFILE_DIR_PATH}/Podfile.lock\" \"${PODS_ROOT}/Manifest.lock\" > /dev/null\nif [ $? != 0 ] ; then\n    # print error to STDERR\n    echo \"error: The sandbox is not in sync with the Podfile.lock. Run 'pod install' or update your CocoaPods installation.\" >&2\n    exit 1\nfi\n# This output is used by Xcode 'outputs' to avoid re-running this script phase.\necho \"SUCCESS\" > \"${SCRIPT_OUTPUT_FILE_0}\"\n";
			showEnvVarsInLog = 0;
		};
		7D99EB60667B15EFBB8251DE /* [CP] Copy Pods Resources */ = {
			isa = PBXShellScriptBuildPhase;
			buildActionMask = 2147483647;
			files = (
			);
			inputPaths = (
			);
			name = "[CP] Copy Pods Resources";
			outputPaths = (
			);
			runOnlyForDeploymentPostprocessing = 0;
			shellPath = /bin/sh;
			shellScript = "\"${SRCROOT}/Pods/Target Support Files/Pods-MapCellSamplerTests/Pods-MapCellSamplerTests-resources.sh\"\n";
			showEnvVarsInLog = 0;
		};
		DFBF1D25E2F0A90B9395962D /* [CP] Embed Pods Frameworks */ = {
			isa = PBXShellScriptBuildPhase;
			buildActionMask = 2147483647;
			files = (
			);
			inputPaths = (
			);
			name = "[CP] Embed Pods Frameworks";
			outputPaths = (
			);
			runOnlyForDeploymentPostprocessing = 0;
			shellPath = /bin/sh;
			shellScript = "\"${SRCROOT}/Pods/Target Support Files/Pods-MapCellSampler/Pods-MapCellSampler-frameworks.sh\"\n";
			showEnvVarsInLog = 0;
		};
/* End PBXShellScriptBuildPhase section */

/* Begin PBXSourcesBuildPhase section */
		7AD5D3581FBC284A00F58F69 /* Sources */ = {
			isa = PBXSourcesBuildPhase;
			buildActionMask = 2147483647;
			files = (
				7AD5D3621FBC284A00F58F69 /* ViewController.swift in Sources */,
				7AD5D3601FBC284A00F58F69 /* AppDelegate.swift in Sources */,
				7AD5D38F1FBC28A700F58F69 /* MapTableViewCell.swift in Sources */,
				7AD5D3AA1FBC4AEF00F58F69 /* Route.swift in Sources */,
				7AD5D3921FBC2F0B00F58F69 /* SampleModel.swift in Sources */,
			);
			runOnlyForDeploymentPostprocessing = 0;
		};
		7AD5D36C1FBC284A00F58F69 /* Sources */ = {
			isa = PBXSourcesBuildPhase;
			buildActionMask = 2147483647;
			files = (
				7AD5D3751FBC284A00F58F69 /* MapCellSamplerTests.swift in Sources */,
			);
			runOnlyForDeploymentPostprocessing = 0;
		};
		7AD5D3771FBC284A00F58F69 /* Sources */ = {
			isa = PBXSourcesBuildPhase;
			buildActionMask = 2147483647;
			files = (
				7AD5D3801FBC284A00F58F69 /* MapCellSamplerUITests.swift in Sources */,
			);
			runOnlyForDeploymentPostprocessing = 0;
		};
/* End PBXSourcesBuildPhase section */

/* Begin PBXTargetDependency section */
		7AD5D3721FBC284A00F58F69 /* PBXTargetDependency */ = {
			isa = PBXTargetDependency;
			target = 7AD5D35B1FBC284A00F58F69 /* MapCellSampler */;
			targetProxy = 7AD5D3711FBC284A00F58F69 /* PBXContainerItemProxy */;
		};
		7AD5D37D1FBC284A00F58F69 /* PBXTargetDependency */ = {
			isa = PBXTargetDependency;
			target = 7AD5D35B1FBC284A00F58F69 /* MapCellSampler */;
			targetProxy = 7AD5D37C1FBC284A00F58F69 /* PBXContainerItemProxy */;
		};
/* End PBXTargetDependency section */

/* Begin PBXVariantGroup section */
		7AD5D3631FBC284A00F58F69 /* Main.storyboard */ = {
			isa = PBXVariantGroup;
			children = (
				7AD5D3641FBC284A00F58F69 /* Base */,
			);
			name = Main.storyboard;
			sourceTree = "<group>";
		};
		7AD5D3681FBC284A00F58F69 /* LaunchScreen.storyboard */ = {
			isa = PBXVariantGroup;
			children = (
				7AD5D3691FBC284A00F58F69 /* Base */,
			);
			name = LaunchScreen.storyboard;
			sourceTree = "<group>";
		};
/* End PBXVariantGroup section */

/* Begin XCBuildConfiguration section */
		7AD5D3821FBC284A00F58F69 /* Debug */ = {
			isa = XCBuildConfiguration;
			buildSettings = {
				ALWAYS_SEARCH_USER_PATHS = NO;
				CLANG_ANALYZER_NONNULL = YES;
				CLANG_ANALYZER_NUMBER_OBJECT_CONVERSION = YES_AGGRESSIVE;
				CLANG_CXX_LANGUAGE_STANDARD = "gnu++14";
				CLANG_CXX_LIBRARY = "libc++";
				CLANG_ENABLE_MODULES = YES;
				CLANG_ENABLE_OBJC_ARC = YES;
				CLANG_WARN_BLOCK_CAPTURE_AUTORELEASING = YES;
				CLANG_WARN_BOOL_CONVERSION = YES;
				CLANG_WARN_COMMA = YES;
				CLANG_WARN_CONSTANT_CONVERSION = YES;
				CLANG_WARN_DIRECT_OBJC_ISA_USAGE = YES_ERROR;
				CLANG_WARN_DOCUMENTATION_COMMENTS = YES;
				CLANG_WARN_EMPTY_BODY = YES;
				CLANG_WARN_ENUM_CONVERSION = YES;
				CLANG_WARN_INFINITE_RECURSION = YES;
				CLANG_WARN_INT_CONVERSION = YES;
				CLANG_WARN_NON_LITERAL_NULL_CONVERSION = YES;
				CLANG_WARN_OBJC_LITERAL_CONVERSION = YES;
				CLANG_WARN_OBJC_ROOT_CLASS = YES_ERROR;
				CLANG_WARN_RANGE_LOOP_ANALYSIS = YES;
				CLANG_WARN_STRICT_PROTOTYPES = YES;
				CLANG_WARN_SUSPICIOUS_MOVE = YES;
				CLANG_WARN_UNGUARDED_AVAILABILITY = YES_AGGRESSIVE;
				CLANG_WARN_UNREACHABLE_CODE = YES;
				CLANG_WARN__DUPLICATE_METHOD_MATCH = YES;
				CODE_SIGN_IDENTITY = "iPhone Developer";
				COPY_PHASE_STRIP = NO;
				DEBUG_INFORMATION_FORMAT = dwarf;
				ENABLE_STRICT_OBJC_MSGSEND = YES;
				ENABLE_TESTABILITY = YES;
				GCC_C_LANGUAGE_STANDARD = gnu11;
				GCC_DYNAMIC_NO_PIC = NO;
				GCC_NO_COMMON_BLOCKS = YES;
				GCC_OPTIMIZATION_LEVEL = 0;
				GCC_PREPROCESSOR_DEFINITIONS = (
					"DEBUG=1",
					"$(inherited)",
				);
				GCC_WARN_64_TO_32_BIT_CONVERSION = YES;
				GCC_WARN_ABOUT_RETURN_TYPE = YES_ERROR;
				GCC_WARN_UNDECLARED_SELECTOR = YES;
				GCC_WARN_UNINITIALIZED_AUTOS = YES_AGGRESSIVE;
				GCC_WARN_UNUSED_FUNCTION = YES;
				GCC_WARN_UNUSED_VARIABLE = YES;
				IPHONEOS_DEPLOYMENT_TARGET = 11.1;
				MTL_ENABLE_DEBUG_INFO = YES;
				ONLY_ACTIVE_ARCH = YES;
				SDKROOT = iphoneos;
				SWIFT_ACTIVE_COMPILATION_CONDITIONS = DEBUG;
				SWIFT_OPTIMIZATION_LEVEL = "-Onone";
			};
			name = Debug;
		};
		7AD5D3831FBC284A00F58F69 /* Release */ = {
			isa = XCBuildConfiguration;
			buildSettings = {
				ALWAYS_SEARCH_USER_PATHS = NO;
				CLANG_ANALYZER_NONNULL = YES;
				CLANG_ANALYZER_NUMBER_OBJECT_CONVERSION = YES_AGGRESSIVE;
				CLANG_CXX_LANGUAGE_STANDARD = "gnu++14";
				CLANG_CXX_LIBRARY = "libc++";
				CLANG_ENABLE_MODULES = YES;
				CLANG_ENABLE_OBJC_ARC = YES;
				CLANG_WARN_BLOCK_CAPTURE_AUTORELEASING = YES;
				CLANG_WARN_BOOL_CONVERSION = YES;
				CLANG_WARN_COMMA = YES;
				CLANG_WARN_CONSTANT_CONVERSION = YES;
				CLANG_WARN_DIRECT_OBJC_ISA_USAGE = YES_ERROR;
				CLANG_WARN_DOCUMENTATION_COMMENTS = YES;
				CLANG_WARN_EMPTY_BODY = YES;
				CLANG_WARN_ENUM_CONVERSION = YES;
				CLANG_WARN_INFINITE_RECURSION = YES;
				CLANG_WARN_INT_CONVERSION = YES;
				CLANG_WARN_NON_LITERAL_NULL_CONVERSION = YES;
				CLANG_WARN_OBJC_LITERAL_CONVERSION = YES;
				CLANG_WARN_OBJC_ROOT_CLASS = YES_ERROR;
				CLANG_WARN_RANGE_LOOP_ANALYSIS = YES;
				CLANG_WARN_STRICT_PROTOTYPES = YES;
				CLANG_WARN_SUSPICIOUS_MOVE = YES;
				CLANG_WARN_UNGUARDED_AVAILABILITY = YES_AGGRESSIVE;
				CLANG_WARN_UNREACHABLE_CODE = YES;
				CLANG_WARN__DUPLICATE_METHOD_MATCH = YES;
				CODE_SIGN_IDENTITY = "iPhone Developer";
				COPY_PHASE_STRIP = NO;
				DEBUG_INFORMATION_FORMAT = "dwarf-with-dsym";
				ENABLE_NS_ASSERTIONS = NO;
				ENABLE_STRICT_OBJC_MSGSEND = YES;
				GCC_C_LANGUAGE_STANDARD = gnu11;
				GCC_NO_COMMON_BLOCKS = YES;
				GCC_WARN_64_TO_32_BIT_CONVERSION = YES;
				GCC_WARN_ABOUT_RETURN_TYPE = YES_ERROR;
				GCC_WARN_UNDECLARED_SELECTOR = YES;
				GCC_WARN_UNINITIALIZED_AUTOS = YES_AGGRESSIVE;
				GCC_WARN_UNUSED_FUNCTION = YES;
				GCC_WARN_UNUSED_VARIABLE = YES;
				IPHONEOS_DEPLOYMENT_TARGET = 11.1;
				MTL_ENABLE_DEBUG_INFO = NO;
				SDKROOT = iphoneos;
				SWIFT_OPTIMIZATION_LEVEL = "-Owholemodule";
				VALIDATE_PRODUCT = YES;
			};
			name = Release;
		};
		7AD5D3851FBC284A00F58F69 /* Debug */ = {
			isa = XCBuildConfiguration;
			baseConfigurationReference = B25E5164800479E6F9C97C54 /* Pods-MapCellSampler.debug.xcconfig */;
			buildSettings = {
				ASSETCATALOG_COMPILER_APPICON_NAME = AppIcon;
				CODE_SIGN_STYLE = Automatic;
				DEVELOPMENT_TEAM = XFUA4YPVDB;
				INFOPLIST_FILE = MapCellSampler/Info.plist;
				IPHONEOS_DEPLOYMENT_TARGET = 10.1;
				LD_RUNPATH_SEARCH_PATHS = "$(inherited) @executable_path/Frameworks";
				PRODUCT_BUNDLE_IDENTIFIER = net.masuhara.MapCellSampler;
				PRODUCT_NAME = "$(TARGET_NAME)";
				SWIFT_VERSION = 4.0;
				TARGETED_DEVICE_FAMILY = 1;
			};
			name = Debug;
		};
		7AD5D3861FBC284A00F58F69 /* Release */ = {
			isa = XCBuildConfiguration;
			baseConfigurationReference = 67B41D80632FDE750B2316CE /* Pods-MapCellSampler.release.xcconfig */;
			buildSettings = {
				ASSETCATALOG_COMPILER_APPICON_NAME = AppIcon;
				CODE_SIGN_STYLE = Automatic;
				DEVELOPMENT_TEAM = XFUA4YPVDB;
				INFOPLIST_FILE = MapCellSampler/Info.plist;
				IPHONEOS_DEPLOYMENT_TARGET = 10.1;
				LD_RUNPATH_SEARCH_PATHS = "$(inherited) @executable_path/Frameworks";
				PRODUCT_BUNDLE_IDENTIFIER = net.masuhara.MapCellSampler;
				PRODUCT_NAME = "$(TARGET_NAME)";
				SWIFT_VERSION = 4.0;
				TARGETED_DEVICE_FAMILY = 1;
			};
			name = Release;
		};
		7AD5D3881FBC284A00F58F69 /* Debug */ = {
			isa = XCBuildConfiguration;
			baseConfigurationReference = 8C58C71D1F21511ECC489261 /* Pods-MapCellSamplerTests.debug.xcconfig */;
			buildSettings = {
				ALWAYS_EMBED_SWIFT_STANDARD_LIBRARIES = YES;
				BUNDLE_LOADER = "$(TEST_HOST)";
				CODE_SIGN_STYLE = Automatic;
				DEVELOPMENT_TEAM = 939YVKTKUP;
				INFOPLIST_FILE = MapCellSamplerTests/Info.plist;
				LD_RUNPATH_SEARCH_PATHS = "$(inherited) @executable_path/Frameworks @loader_path/Frameworks";
				PRODUCT_BUNDLE_IDENTIFIER = jp.co.ylab.MapCellSamplerTests;
				PRODUCT_NAME = "$(TARGET_NAME)";
				SWIFT_VERSION = 4.0;
				TARGETED_DEVICE_FAMILY = "1,2";
				TEST_HOST = "$(BUILT_PRODUCTS_DIR)/MapCellSampler.app/MapCellSampler";
			};
			name = Debug;
		};
		7AD5D3891FBC284A00F58F69 /* Release */ = {
			isa = XCBuildConfiguration;
			baseConfigurationReference = 9E4949CBBBADD442A1A62FF1 /* Pods-MapCellSamplerTests.release.xcconfig */;
			buildSettings = {
				ALWAYS_EMBED_SWIFT_STANDARD_LIBRARIES = YES;
				BUNDLE_LOADER = "$(TEST_HOST)";
				CODE_SIGN_STYLE = Automatic;
				DEVELOPMENT_TEAM = 939YVKTKUP;
				INFOPLIST_FILE = MapCellSamplerTests/Info.plist;
				LD_RUNPATH_SEARCH_PATHS = "$(inherited) @executable_path/Frameworks @loader_path/Frameworks";
				PRODUCT_BUNDLE_IDENTIFIER = jp.co.ylab.MapCellSamplerTests;
				PRODUCT_NAME = "$(TARGET_NAME)";
				SWIFT_VERSION = 4.0;
				TARGETED_DEVICE_FAMILY = "1,2";
				TEST_HOST = "$(BUILT_PRODUCTS_DIR)/MapCellSampler.app/MapCellSampler";
			};
			name = Release;
		};
		7AD5D38B1FBC284A00F58F69 /* Debug */ = {
			isa = XCBuildConfiguration;
			baseConfigurationReference = 03BAAEAB9D6FD36014232157 /* Pods-MapCellSamplerUITests.debug.xcconfig */;
			buildSettings = {
				ALWAYS_EMBED_SWIFT_STANDARD_LIBRARIES = YES;
				CODE_SIGN_STYLE = Automatic;
				DEVELOPMENT_TEAM = 939YVKTKUP;
				INFOPLIST_FILE = MapCellSamplerUITests/Info.plist;
				LD_RUNPATH_SEARCH_PATHS = "$(inherited) @executable_path/Frameworks @loader_path/Frameworks";
				PRODUCT_BUNDLE_IDENTIFIER = jp.co.ylab.MapCellSamplerUITests;
				PRODUCT_NAME = "$(TARGET_NAME)";
				SWIFT_VERSION = 4.0;
				TARGETED_DEVICE_FAMILY = "1,2";
				TEST_TARGET_NAME = MapCellSampler;
			};
			name = Debug;
		};
		7AD5D38C1FBC284A00F58F69 /* Release */ = {
			isa = XCBuildConfiguration;
			baseConfigurationReference = DC6EAEAA2AAC9178EB75BA28 /* Pods-MapCellSamplerUITests.release.xcconfig */;
			buildSettings = {
				ALWAYS_EMBED_SWIFT_STANDARD_LIBRARIES = YES;
				CODE_SIGN_STYLE = Automatic;
				DEVELOPMENT_TEAM = 939YVKTKUP;
				INFOPLIST_FILE = MapCellSamplerUITests/Info.plist;
				LD_RUNPATH_SEARCH_PATHS = "$(inherited) @executable_path/Frameworks @loader_path/Frameworks";
				PRODUCT_BUNDLE_IDENTIFIER = jp.co.ylab.MapCellSamplerUITests;
				PRODUCT_NAME = "$(TARGET_NAME)";
				SWIFT_VERSION = 4.0;
				TARGETED_DEVICE_FAMILY = "1,2";
				TEST_TARGET_NAME = MapCellSampler;
			};
			name = Release;
		};
/* End XCBuildConfiguration section */

/* Begin XCConfigurationList section */
		7AD5D3571FBC284A00F58F69 /* Build configuration list for PBXProject "MapCellSampler" */ = {
			isa = XCConfigurationList;
			buildConfigurations = (
				7AD5D3821FBC284A00F58F69 /* Debug */,
				7AD5D3831FBC284A00F58F69 /* Release */,
			);
			defaultConfigurationIsVisible = 0;
			defaultConfigurationName = Release;
		};
		7AD5D3841FBC284A00F58F69 /* Build configuration list for PBXNativeTarget "MapCellSampler" */ = {
			isa = XCConfigurationList;
			buildConfigurations = (
				7AD5D3851FBC284A00F58F69 /* Debug */,
				7AD5D3861FBC284A00F58F69 /* Release */,
			);
			defaultConfigurationIsVisible = 0;
			defaultConfigurationName = Release;
		};
		7AD5D3871FBC284A00F58F69 /* Build configuration list for PBXNativeTarget "MapCellSamplerTests" */ = {
			isa = XCConfigurationList;
			buildConfigurations = (
				7AD5D3881FBC284A00F58F69 /* Debug */,
				7AD5D3891FBC284A00F58F69 /* Release */,
			);
			defaultConfigurationIsVisible = 0;
			defaultConfigurationName = Release;
		};
		7AD5D38A1FBC284A00F58F69 /* Build configuration list for PBXNativeTarget "MapCellSamplerUITests" */ = {
			isa = XCConfigurationList;
			buildConfigurations = (
				7AD5D38B1FBC284A00F58F69 /* Debug */,
				7AD5D38C1FBC284A00F58F69 /* Release */,
			);
			defaultConfigurationIsVisible = 0;
			defaultConfigurationName = Release;
		};
/* End XCConfigurationList section */
	};
	rootObject = 7AD5D3541FBC284A00F58F69 /* Project object */;
}
